
Microsoft Visual Studio Solution File, Format Version 12.00
# Visual Studio Version 17
VisualStudioVersion = 17.0.31903.59
MinimumVisualStudioVersion = 10.0.40219.1
Project("{2150E333-8FDC-42A3-9474-1A3956D46DE8}") = "src", "src", "{25FA295F-587B-46CB-BBDE-5FE02BC3A8FB}"
EndProject
Project("{FAE04EC0-301F-11D3-BF4B-00C04F79EFBC}") = "Stoquei.Api", "src\Stoquei.Api\Stoquei.Api.csproj", "{51E582CD-09B9-4412-B853-43E89D4AD2D9}"
EndProject
Project("{FAE04EC0-301F-11D3-BF4B-00C04F79EFBC}") = "Stoquei.Application", "src\Stoquei.Application\Stoquei.Application.csproj", "{839840B7-EF2C-4BFC-8F4A-493D1F44028F}"
EndProject
Project("{FAE04EC0-301F-11D3-BF4B-00C04F79EFBC}") = "Stoquei.Domain", "src\Stoquei.Domain\Stoquei.Domain.csproj", "{36AC55C6-E165-4D9D-B24C-CCC073835147}"
EndProject
Project("{FAE04EC0-301F-11D3-BF4B-00C04F79EFBC}") = "Stoquei.Infra", "src\Stoquei.Infra\Stoquei.Infra.csproj", "{9B03D219-6585-43CD-B3F5-D8E5AF03857D}"
EndProject
Global
	GlobalSection(SolutionConfigurationPlatforms) = preSolution
		Debug|Any CPU = Debug|Any CPU
		Release|Any CPU = Release|Any CPU
	EndGlobalSection
	GlobalSection(SolutionProperties) = preSolution
		HideSolutionNode = FALSE
	EndGlobalSection
	GlobalSection(ProjectConfigurationPlatforms) = postSolution
		{51E582CD-09B9-4412-B853-43E89D4AD2D9}.Debug|Any CPU.ActiveCfg = Debug|Any CPU
		{51E582CD-09B9-4412-B853-43E89D4AD2D9}.Debug|Any CPU.Build.0 = Debug|Any CPU
		{51E582CD-09B9-4412-B853-43E89D4AD2D9}.Release|Any CPU.ActiveCfg = Release|Any CPU
		{51E582CD-09B9-4412-B853-43E89D4AD2D9}.Release|Any CPU.Build.0 = Release|Any CPU
		{839840B7-EF2C-4BFC-8F4A-493D1F44028F}.Debug|Any CPU.ActiveCfg = Debug|Any CPU
		{839840B7-EF2C-4BFC-8F4A-493D1F44028F}.Debug|Any CPU.Build.0 = Debug|Any CPU
		{839840B7-EF2C-4BFC-8F4A-493D1F44028F}.Release|Any CPU.ActiveCfg = Release|Any CPU
		{839840B7-EF2C-4BFC-8F4A-493D1F44028F}.Release|Any CPU.Build.0 = Release|Any CPU
		{36AC55C6-E165-4D9D-B24C-CCC073835147}.Debug|Any CPU.ActiveCfg = Debug|Any CPU
		{36AC55C6-E165-4D9D-B24C-CCC073835147}.Debug|Any CPU.Build.0 = Debug|Any CPU
		{36AC55C6-E165-4D9D-B24C-CCC073835147}.Release|Any CPU.ActiveCfg = Release|Any CPU
		{36AC55C6-E165-4D9D-B24C-CCC073835147}.Release|Any CPU.Build.0 = Release|Any CPU
		{9B03D219-6585-43CD-B3F5-D8E5AF03857D}.Debug|Any CPU.ActiveCfg = Debug|Any CPU
		{9B03D219-6585-43CD-B3F5-D8E5AF03857D}.Debug|Any CPU.Build.0 = Debug|Any CPU
		{9B03D219-6585-43CD-B3F5-D8E5AF03857D}.Release|Any CPU.ActiveCfg = Release|Any CPU
		{9B03D219-6585-43CD-B3F5-D8E5AF03857D}.Release|Any CPU.Build.0 = Release|Any CPU
	EndGlobalSection
	GlobalSection(NestedProjects) = preSolution
		{51E582CD-09B9-4412-B853-43E89D4AD2D9} = {25FA295F-587B-46CB-BBDE-5FE02BC3A8FB}
		{839840B7-EF2C-4BFC-8F4A-493D1F44028F} = {25FA295F-587B-46CB-BBDE-5FE02BC3A8FB}
		{36AC55C6-E165-4D9D-B24C-CCC073835147} = {25FA295F-587B-46CB-BBDE-5FE02BC3A8FB}
		{9B03D219-6585-43CD-B3F5-D8E5AF03857D} = {25FA295F-587B-46CB-BBDE-5FE02BC3A8FB}
	EndGlobalSection
EndGlobal
